// !$*UTF8*$!
{
	archiveVersion = 1;
	classes = {
	};
	objectVersion = 46;
	objects = {

/* Begin PBXBuildFile section */
		BF1F89791F42CF6A005B6373 /* AppDelegate.swift in Sources */ = {isa = PBXBuildFile; fileRef = BF1F89781F42CF6A005B6373 /* AppDelegate.swift */; };
		BF1F897B1F42CF6A005B6373 /* ViewController.swift in Sources */ = {isa = PBXBuildFile; fileRef = BF1F897A1F42CF6A005B6373 /* ViewController.swift */; };
		BF1F897E1F42CF6A005B6373 /* Main.storyboard in Resources */ = {isa = PBXBuildFile; fileRef = BF1F897C1F42CF6A005B6373 /* Main.storyboard */; };
		BF1F89801F42CF6A005B6373 /* Assets.xcassets in Resources */ = {isa = PBXBuildFile; fileRef = BF1F897F1F42CF6A005B6373 /* Assets.xcassets */; };
		BF1F89831F42CF6A005B6373 /* LaunchScreen.storyboard in Resources */ = {isa = PBXBuildFile; fileRef = BF1F89811F42CF6A005B6373 /* LaunchScreen.storyboard */; };
		BF1F898E1F42CF6A005B6373 /* QRCOpenUrlTests.swift in Sources */ = {isa = PBXBuildFile; fileRef = BF1F898D1F42CF6A005B6373 /* QRCOpenUrlTests.swift */; };
		BF1F89991F42CF6A005B6373 /* QRCOpenUrlUITests.swift in Sources */ = {isa = PBXBuildFile; fileRef = BF1F89981F42CF6A005B6373 /* QRCOpenUrlUITests.swift */; };
/* End PBXBuildFile section */

/* Begin PBXContainerItemProxy section */
		BF1F898A1F42CF6A005B6373 /* PBXContainerItemProxy */ = {
			isa = PBXContainerItemProxy;
			containerPortal = BF1F896D1F42CF6A005B6373 /* Project object */;
			proxyType = 1;
			remoteGlobalIDString = BF1F89741F42CF6A005B6373;
			remoteInfo = QRCOpenUrl;
		};
		BF1F89951F42CF6A005B6373 /* PBXContainerItemProxy */ = {
			isa = PBXContainerItemProxy;
			containerPortal = BF1F896D1F42CF6A005B6373 /* Project object */;
			proxyType = 1;
			remoteGlobalIDString = BF1F89741F42CF6A005B6373;
			remoteInfo = QRCOpenUrl;
		};
/* End PBXContainerItemProxy section */

/* Begin PBXFileReference section */
		BF1F89751F42CF6A005B6373 /* QRCOpenUrl.app */ = {isa = PBXFileReference; explicitFileType = wrapper.application; includeInIndex = 0; path = QRCOpenUrl.app; sourceTree = BUILT_PRODUCTS_DIR; };
		BF1F89781F42CF6A005B6373 /* AppDelegate.swift */ = {isa = PBXFileReference; lastKnownFileType = sourcecode.swift; path = AppDelegate.swift; sourceTree = "<group>"; };
		BF1F897A1F42CF6A005B6373 /* ViewController.swift */ = {isa = PBXFileReference; lastKnownFileType = sourcecode.swift; path = ViewController.swift; sourceTree = "<group>"; };
		BF1F897D1F42CF6A005B6373 /* Base */ = {isa = PBXFileReference; lastKnownFileType = file.storyboard; name = Base; path = Base.lproj/Main.storyboard; sourceTree = "<group>"; };
		BF1F897F1F42CF6A005B6373 /* Assets.xcassets */ = {isa = PBXFileReference; lastKnownFileType = folder.assetcatalog; path = Assets.xcassets; sourceTree = "<group>"; };
		BF1F89821F42CF6A005B6373 /* Base */ = {isa = PBXFileReference; lastKnownFileType = file.storyboard; name = Base; path = Base.lproj/LaunchScreen.storyboard; sourceTree = "<group>"; };
		BF1F89841F42CF6A005B6373 /* Info.plist */ = {isa = PBXFileReference; lastKnownFileType = text.plist.xml; path = Info.plist; sourceTree = "<group>"; };
		BF1F89891F42CF6A005B6373 /* QRCOpenUrlTests.xctest */ = {isa = PBXFileReference; explicitFileType = wrapper.cfbundle; includeInIndex = 0; path = QRCOpenUrlTests.xctest; sourceTree = BUILT_PRODUCTS_DIR; };
		BF1F898D1F42CF6A005B6373 /* QRCOpenUrlTests.swift */ = {isa = PBXFileReference; lastKnownFileType = sourcecode.swift; path = QRCOpenUrlTests.swift; sourceTree = "<group>"; };
		BF1F898F1F42CF6A005B6373 /* Info.plist */ = {isa = PBXFileReference; lastKnownFileType = text.plist.xml; path = Info.plist; sourceTree = "<group>"; };
		BF1F89941F42CF6A005B6373 /* QRCOpenUrlUITests.xctest */ = {isa = PBXFileReference; explicitFileType = wrapper.cfbundle; includeInIndex = 0; path = QRCOpenUrlUITests.xctest; sourceTree = BUILT_PRODUCTS_DIR; };
		BF1F89981F42CF6A005B6373 /* QRCOpenUrlUITests.swift */ = {isa = PBXFileReference; lastKnownFileType = sourcecode.swift; path = QRCOpenUrlUITests.swift; sourceTree = "<group>"; };
		BF1F899A1F42CF6A005B6373 /* Info.plist */ = {isa = PBXFileReference; lastKnownFileType = text.plist.xml; path = Info.plist; sourceTree = "<group>"; };
/* End PBXFileReference section */

/* Begin PBXFrameworksBuildPhase section */
		BF1F89721F42CF6A005B6373 /* Frameworks */ = {
			isa = PBXFrameworksBuildPhase;
			buildActionMask = 2147483647;
			files = (
			);
			runOnlyForDeploymentPostprocessing = 0;
		};
		BF1F89861F42CF6A005B6373 /* Frameworks */ = {
			isa = PBXFrameworksBuildPhase;
			buildActionMask = 2147483647;
			files = (
			);
			runOnlyForDeploymentPostprocessing = 0;
		};
		BF1F89911F42CF6A005B6373 /* Frameworks */ = {
			isa = PBXFrameworksBuildPhase;
			buildActionMask = 2147483647;
			files = (
			);
			runOnlyForDeploymentPostprocessing = 0;
		};
/* End PBXFrameworksBuildPhase section */

/* Begin PBXGroup section */
		BF1F896C1F42CF6A005B6373 = {
			isa = PBXGroup;
			children = (
				BF1F89771F42CF6A005B6373 /* QRCOpenUrl */,
				BF1F898C1F42CF6A005B6373 /* QRCOpenUrlTests */,
				BF1F89971F42CF6A005B6373 /* QRCOpenUrlUITests */,
				BF1F89761F42CF6A005B6373 /* Products */,
			);
			sourceTree = "<group>";
		};
		BF1F89761F42CF6A005B6373 /* Products */ = {
			isa = PBXGroup;
			children = (
				BF1F89751F42CF6A005B6373 /* QRCOpenUrl.app */,
				BF1F89891F42CF6A005B6373 /* QRCOpenUrlTests.xctest */,
				BF1F89941F42CF6A005B6373 /* QRCOpenUrlUITests.xctest */,
			);
			name = Products;
			sourceTree = "<group>";
		};
		BF1F89771F42CF6A005B6373 /* QRCOpenUrl */ = {
			isa = PBXGroup;
			children = (
				BF1F89781F42CF6A005B6373 /* AppDelegate.swift */,
				BF1F897A1F42CF6A005B6373 /* ViewController.swift */,
				BF1F897C1F42CF6A005B6373 /* Main.storyboard */,
				BF1F897F1F42CF6A005B6373 /* Assets.xcassets */,
				BF1F89811F42CF6A005B6373 /* LaunchScreen.storyboard */,
				BF1F89841F42CF6A005B6373 /* Info.plist */,
			);
			path = QRCOpenUrl;
			sourceTree = "<group>";
		};
		BF1F898C1F42CF6A005B6373 /* QRCOpenUrlTests */ = {
			isa = PBXGroup;
			children = (
				BF1F898D1F42CF6A005B6373 /* QRCOpenUrlTests.swift */,
				BF1F898F1F42CF6A005B6373 /* Info.plist */,
			);
			path = QRCOpenUrlTests;
			sourceTree = "<group>";
		};
		BF1F89971F42CF6A005B6373 /* QRCOpenUrlUITests */ = {
			isa = PBXGroup;
			children = (
				BF1F89981F42CF6A005B6373 /* QRCOpenUrlUITests.swift */,
				BF1F899A1F42CF6A005B6373 /* Info.plist */,
			);
			path = QRCOpenUrlUITests;
			sourceTree = "<group>";
		};
/* End PBXGroup section */

/* Begin PBXNativeTarget section */
		BF1F89741F42CF6A005B6373 /* QRCOpenUrl */ = {
			isa = PBXNativeTarget;
			buildConfigurationList = BF1F899D1F42CF6A005B6373 /* Build configuration list for PBXNativeTarget "QRCOpenUrl" */;
			buildPhases = (
				BF1F89711F42CF6A005B6373 /* Sources */,
				BF1F89721F42CF6A005B6373 /* Frameworks */,
				BF1F89731F42CF6A005B6373 /* Resources */,
			);
			buildRules = (
			);
			dependencies = (
			);
			name = QRCOpenUrl;
			productName = QRCOpenUrl;
			productReference = BF1F89751F42CF6A005B6373 /* QRCOpenUrl.app */;
			productType = "com.apple.product-type.application";
		};
		BF1F89881F42CF6A005B6373 /* QRCOpenUrlTests */ = {
			isa = PBXNativeTarget;
			buildConfigurationList = BF1F89A01F42CF6A005B6373 /* Build configuration list for PBXNativeTarget "QRCOpenUrlTests" */;
			buildPhases = (
				BF1F89851F42CF6A005B6373 /* Sources */,
				BF1F89861F42CF6A005B6373 /* Frameworks */,
				BF1F89871F42CF6A005B6373 /* Resources */,
			);
			buildRules = (
			);
			dependencies = (
				BF1F898B1F42CF6A005B6373 /* PBXTargetDependency */,
			);
			name = QRCOpenUrlTests;
			productName = QRCOpenUrlTests;
			productReference = BF1F89891F42CF6A005B6373 /* QRCOpenUrlTests.xctest */;
			productType = "com.apple.product-type.bundle.unit-test";
		};
		BF1F89931F42CF6A005B6373 /* QRCOpenUrlUITests */ = {
			isa = PBXNativeTarget;
			buildConfigurationList = BF1F89A31F42CF6A005B6373 /* Build configuration list for PBXNativeTarget "QRCOpenUrlUITests" */;
			buildPhases = (
				BF1F89901F42CF6A005B6373 /* Sources */,
				BF1F89911F42CF6A005B6373 /* Frameworks */,
				BF1F89921F42CF6A005B6373 /* Resources */,
			);
			buildRules = (
			);
			dependencies = (
				BF1F89961F42CF6A005B6373 /* PBXTargetDependency */,
			);
			name = QRCOpenUrlUITests;
			productName = QRCOpenUrlUITests;
			productReference = BF1F89941F42CF6A005B6373 /* QRCOpenUrlUITests.xctest */;
			productType = "com.apple.product-type.bundle.ui-testing";
		};
/* End PBXNativeTarget section */

/* Begin PBXProject section */
		BF1F896D1F42CF6A005B6373 /* Project object */ = {
			isa = PBXProject;
			attributes = {
				LastSwiftUpdateCheck = 0830;
				LastUpgradeCheck = 0830;
				ORGANIZATIONNAME = super;
				TargetAttributes = {
					BF1F89741F42CF6A005B6373 = {
						CreatedOnToolsVersion = 8.3.1;
						DevelopmentTeam = JVQ8NDY49R;
						ProvisioningStyle = Automatic;
					};
					BF1F89881F42CF6A005B6373 = {
						CreatedOnToolsVersion = 8.3.1;
						DevelopmentTeam = JVQ8NDY49R;
						ProvisioningStyle = Automatic;
						TestTargetID = BF1F89741F42CF6A005B6373;
					};
					BF1F89931F42CF6A005B6373 = {
						CreatedOnToolsVersion = 8.3.1;
						DevelopmentTeam = JVQ8NDY49R;
						ProvisioningStyle = Automatic;
						TestTargetID = BF1F89741F42CF6A005B6373;
					};
				};
			};
			buildConfigurationList = BF1F89701F42CF6A005B6373 /* Build configuration list for PBXProject "QRCOpenUrl" */;
			compatibilityVersion = "Xcode 3.2";
			developmentRegion = English;
			hasScannedForEncodings = 0;
			knownRegions = (
				en,
				Base,
			);
			mainGroup = BF1F896C1F42CF6A005B6373;
			productRefGroup = BF1F89761F42CF6A005B6373 /* Products */;
			projectDirPath = "";
			projectRoot = "";
			targets = (
				BF1F89741F42CF6A005B6373 /* QRCOpenUrl */,
				BF1F89881F42CF6A005B6373 /* QRCOpenUrlTests */,
				BF1F89931F42CF6A005B6373 /* QRCOpenUrlUITests */,
			);
		};
/* End PBXProject section */

/* Begin PBXResourcesBuildPhase section */
		BF1F89731F42CF6A005B6373 /* Resources */ = {
			isa = PBXResourcesBuildPhase;
			buildActionMask = 2147483647;
			files = (
				BF1F89831F42CF6A005B6373 /* LaunchScreen.storyboard in Resources */,
				BF1F89801F42CF6A005B6373 /* Assets.xcassets in Resources */,
				BF1F897E1F42CF6A005B6373 /* Main.storyboard in Resources */,
			);
			runOnlyForDeploymentPostprocessing = 0;
		};
		BF1F89871F42CF6A005B6373 /* Resources */ = {
			isa = PBXResourcesBuildPhase;
			buildActionMask = 2147483647;
			files = (
			);
			runOnlyForDeploymentPostprocessing = 0;
		};
		BF1F89921F42CF6A005B6373 /* Resources */ = {
			isa = PBXResourcesBuildPhase;
			buildActionMask = 2147483647;
			files = (
			);
			runOnlyForDeploymentPostprocessing = 0;
		};
/* End PBXResourcesBuildPhase section */

/* Begin PBXSourcesBuildPhase section */
		BF1F89711F42CF6A005B6373 /* Sources */ = {
			isa = PBXSourcesBuildPhase;
			buildActionMask = 2147483647;
			files = (
				BF1F897B1F42CF6A005B6373 /* ViewController.swift in Sources */,
				BF1F89791F42CF6A005B6373 /* AppDelegate.swift in Sources */,
			);
			runOnlyForDeploymentPostprocessing = 0;
		};
		BF1F89851F42CF6A005B6373 /* Sources */ = {
			isa = PBXSourcesBuildPhase;
			buildActionMask = 2147483647;
			files = (
				BF1F898E1F42CF6A005B6373 /* QRCOpenUrlTests.swift in Sources */,
			);
			runOnlyForDeploymentPostprocessing = 0;
		};
		BF1F89901F42CF6A005B6373 /* Sources */ = {
			isa = PBXSourcesBuildPhase;
			buildActionMask = 2147483647;
			files = (
				BF1F89991F42CF6A005B6373 /* QRCOpenUrlUITests.swift in Sources */,
			);
			runOnlyForDeploymentPostprocessing = 0;
		};
/* End PBXSourcesBuildPhase section */

/* Begin PBXTargetDependency section */
		BF1F898B1F42CF6A005B6373 /* PBXTargetDependency */ = {
			isa = PBXTargetDependency;
			target = BF1F89741F42CF6A005B6373 /* QRCOpenUrl */;
			targetProxy = BF1F898A1F42CF6A005B6373 /* PBXContainerItemProxy */;
		};
		BF1F89961F42CF6A005B6373 /* PBXTargetDependency */ = {
			isa = PBXTargetDependency;
			target = BF1F89741F42CF6A005B6373 /* QRCOpenUrl */;
			targetProxy = BF1F89951F42CF6A005B6373 /* PBXContainerItemProxy */;
		};
/* End PBXTargetDependency section */

/* Begin PBXVariantGroup section */
		BF1F897C1F42CF6A005B6373 /* Main.storyboard */ = {
			isa = PBXVariantGroup;
			children = (
				BF1F897D1F42CF6A005B6373 /* Base */,
			);
			name = Main.storyboard;
			sourceTree = "<group>";
		};
		BF1F89811F42CF6A005B6373 /* LaunchScreen.storyboard */ = {
			isa = PBXVariantGroup;
			children = (
				BF1F89821F42CF6A005B6373 /* Base */,
			);
			name = LaunchScreen.storyboard;
			sourceTree = "<group>";
		};
/* End PBXVariantGroup section */

/* Begin XCBuildConfiguration section */
		BF1F899B1F42CF6A005B6373 /* Debug */ = {
			isa = XCBuildConfiguration;
			buildSettings = {
				ALWAYS_SEARCH_USER_PATHS = NO;
				CLANG_ANALYZER_NONNULL = YES;
				CLANG_ANALYZER_NUMBER_OBJECT_CONVERSION = YES_AGGRESSIVE;
				CLANG_CXX_LANGUAGE_STANDARD = "gnu++0x";
				CLANG_CXX_LIBRARY = "libc++";
				CLANG_ENABLE_MODULES = YES;
				CLANG_ENABLE_OBJC_ARC = YES;
				CLANG_WARN_BOOL_CONVERSION = YES;
				CLANG_WARN_CONSTANT_CONVERSION = YES;
				CLANG_WARN_DIRECT_OBJC_ISA_USAGE = YES_ERROR;
				CLANG_WARN_DOCUMENTATION_COMMENTS = YES;
				CLANG_WARN_EMPTY_BODY = YES;
				CLANG_WARN_ENUM_CONVERSION = YES;
				CLANG_WARN_INFINITE_RECURSION = YES;
				CLANG_WARN_INT_CONVERSION = YES;
				CLANG_WARN_OBJC_ROOT_CLASS = YES_ERROR;
				CLANG_WARN_SUSPICIOUS_MOVE = YES;
				CLANG_WARN_UNREACHABLE_CODE = YES;
				CLANG_WARN__DUPLICATE_METHOD_MATCH = YES;
				"CODE_SIGN_IDENTITY[sdk=iphoneos*]" = "iPhone Developer";
				COPY_PHASE_STRIP = NO;
				DEBUG_INFORMATION_FORMAT = dwarf;
				ENABLE_STRICT_OBJC_MSGSEND = YES;
				ENABLE_TESTABILITY = YES;
				GCC_C_LANGUAGE_STANDARD = gnu99;
				GCC_DYNAMIC_NO_PIC = NO;
				GCC_NO_COMMON_BLOCKS = YES;
				GCC_OPTIMIZATION_LEVEL = 0;
				GCC_PREPROCESSOR_DEFINITIONS = (
					"DEBUG=1",
					"$(inherited)",
				);
				GCC_WARN_64_TO_32_BIT_CONVERSION = YES;
				GCC_WARN_ABOUT_RETURN_TYPE = YES_ERROR;
				GCC_WARN_UNDECLARED_SELECTOR = YES;
				GCC_WARN_UNINITIALIZED_AUTOS = YES_AGGRESSIVE;
				GCC_WARN_UNUSED_FUNCTION = YES;
				GCC_WARN_UNUSED_VARIABLE = YES;
				IPHONEOS_DEPLOYMENT_TARGET = 10.3;
				MTL_ENABLE_DEBUG_INFO = YES;
				ONLY_ACTIVE_ARCH = YES;
				SDKROOT = iphoneos;
				SWIFT_ACTIVE_COMPILATION_CONDITIONS = DEBUG;
				SWIFT_OPTIMIZATION_LEVEL = "-Onone";
			};
			name = Debug;
		};
		BF1F899C1F42CF6A005B6373 /* Release */ = {
			isa = XCBuildConfiguration;
			buildSettings = {
				ALWAYS_SEARCH_USER_PATHS = NO;
				CLANG_ANALYZER_NONNULL = YES;
				CLANG_ANALYZER_NUMBER_OBJECT_CONVERSION = YES_AGGRESSIVE;
				CLANG_CXX_LANGUAGE_STANDARD = "gnu++0x";
				CLANG_CXX_LIBRARY = "libc++";
				CLANG_ENABLE_MODULES = YES;
				CLANG_ENABLE_OBJC_ARC = YES;
				CLANG_WARN_BOOL_CONVERSION = YES;
				CLANG_WARN_CONSTANT_CONVERSION = YES;
				CLANG_WARN_DIRECT_OBJC_ISA_USAGE = YES_ERROR;
				CLANG_WARN_DOCUMENTATION_COMMENTS = YES;
				CLANG_WARN_EMPTY_BODY = YES;
				CLANG_WARN_ENUM_CONVERSION = YES;
				CLANG_WARN_INFINITE_RECURSION = YES;
				CLANG_WARN_INT_CONVERSION = YES;
				CLANG_WARN_OBJC_ROOT_CLASS = YES_ERROR;
				CLANG_WARN_SUSPICIOUS_MOVE = YES;
				CLANG_WARN_UNREACHABLE_CODE = YES;
				CLANG_WARN__DUPLICATE_METHOD_MATCH = YES;
				"CODE_SIGN_IDENTITY[sdk=iphoneos*]" = "iPhone Developer";
				COPY_PHASE_STRIP = NO;
				DEBUG_INFORMATION_FORMAT = "dwarf-with-dsym";
				ENABLE_NS_ASSERTIONS = NO;
				ENABLE_STRICT_OBJC_MSGSEND = YES;
				GCC_C_LANGUAGE_STANDARD = gnu99;
				GCC_NO_COMMON_BLOCKS = YES;
				GCC_WARN_64_TO_32_BIT_CONVERSION = YES;
				GCC_WARN_ABOUT_RETURN_TYPE = YES_ERROR;
				GCC_WARN_UNDECLARED_SELECTOR = YES;
				GCC_WARN_UNINITIALIZED_AUTOS = YES_AGGRESSIVE;
				GCC_WARN_UNUSED_FUNCTION = YES;
				GCC_WARN_UNUSED_VARIABLE = YES;
				IPHONEOS_DEPLOYMENT_TARGET = 10.3;
				MTL_ENABLE_DEBUG_INFO = NO;
				SDKROOT = iphoneos;
				SWIFT_OPTIMIZATION_LEVEL = "-Owholemodule";
				VALIDATE_PRODUCT = YES;
			};
			name = Release;
		};
		BF1F899E1F42CF6A005B6373 /* Debug */ = {
			isa = XCBuildConfiguration;
			buildSettings = {
				ASSETCATALOG_COMPILER_APPICON_NAME = AppIcon;
				DEVELOPMENT_TEAM = JVQ8NDY49R;
				INFOPLIST_FILE = QRCOpenUrl/Info.plist;
				LD_RUNPATH_SEARCH_PATHS = "$(inherited) @executable_path/Frameworks";
				PRODUCT_BUNDLE_IDENTIFIER = com.super.QRCOpenUrl;
				PRODUCT_NAME = "$(TARGET_NAME)";
				SWIFT_VERSION = 3.0;
			};
			name = Debug;
		};
		BF1F899F1F42CF6A005B6373 /* Release */ = {
			isa = XCBuildConfiguration;
			buildSettings = {
				ASSETCATALOG_COMPILER_APPICON_NAME = AppIcon;
				DEVELOPMENT_TEAM = JVQ8NDY49R;
				INFOPLIST_FILE = QRCOpenUrl/Info.plist;
				LD_RUNPATH_SEARCH_PATHS = "$(inherited) @executable_path/Frameworks";
				PRODUCT_BUNDLE_IDENTIFIER = com.super.QRCOpenUrl;
				PRODUCT_NAME = "$(TARGET_NAME)";
				SWIFT_VERSION = 3.0;
			};
			name = Release;
		};
		BF1F89A11F42CF6A005B6373 /* Debug */ = {
			isa = XCBuildConfiguration;
			buildSettings = {
				ALWAYS_EMBED_SWIFT_STANDARD_LIBRARIES = YES;
				BUNDLE_LOADER = "$(TEST_HOST)";
				DEVELOPMENT_TEAM = JVQ8NDY49R;
				INFOPLIST_FILE = QRCOpenUrlTests/Info.plist;
				LD_RUNPATH_SEARCH_PATHS = "$(inherited) @executable_path/Frameworks @loader_path/Frameworks";
				PRODUCT_BUNDLE_IDENTIFIER = com.super.QRCOpenUrlTests;
				PRODUCT_NAME = "$(TARGET_NAME)";
				SWIFT_VERSION = 3.0;
				TEST_HOST = "$(BUILT_PRODUCTS_DIR)/QRCOpenUrl.app/QRCOpenUrl";
			};
			name = Debug;
		};
		BF1F89A21F42CF6A005B6373 /* Release */ = {
			isa = XCBuildConfiguration;
			buildSettings = {
				ALWAYS_EMBED_SWIFT_STANDARD_LIBRARIES = YES;
				BUNDLE_LOADER = "$(TEST_HOST)";
				DEVELOPMENT_TEAM = JVQ8NDY49R;
				INFOPLIST_FILE = QRCOpenUrlTests/Info.plist;
				LD_RUNPATH_SEARCH_PATHS = "$(inherited) @executable_path/Frameworks @loader_path/Frameworks";
				PRODUCT_BUNDLE_IDENTIFIER = com.super.QRCOpenUrlTests;
				PRODUCT_NAME = "$(TARGET_NAME)";
				SWIFT_VERSION = 3.0;
				TEST_HOST = "$(BUILT_PRODUCTS_DIR)/QRCOpenUrl.app/QRCOpenUrl";
			};
			name = Release;
		};
		BF1F89A41F42CF6A005B6373 /* Debug */ = {
			isa = XCBuildConfiguration;
			buildSettings = {
				ALWAYS_EMBED_SWIFT_STANDARD_LIBRARIES = YES;
				DEVELOPMENT_TEAM = JVQ8NDY49R;
				INFOPLIST_FILE = QRCOpenUrlUITests/Info.plist;
				LD_RUNPATH_SEARCH_PATHS = "$(inherited) @executable_path/Frameworks @loader_path/Frameworks";
				PRODUCT_BUNDLE_IDENTIFIER = com.super.QRCOpenUrlUITests;
				PRODUCT_NAME = "$(TARGET_NAME)";
				SWIFT_VERSION = 3.0;
				TEST_TARGET_NAME = QRCOpenUrl;
			};
			name = Debug;
		};
		BF1F89A51F42CF6A005B6373 /* Release */ = {
			isa = XCBuildConfiguration;
			buildSettings = {
				ALWAYS_EMBED_SWIFT_STANDARD_LIBRARIES = YES;
				DEVELOPMENT_TEAM = JVQ8NDY49R;
				INFOPLIST_FILE = QRCOpenUrlUITests/Info.plist;
				LD_RUNPATH_SEARCH_PATHS = "$(inherited) @executable_path/Frameworks @loader_path/Frameworks";
				PRODUCT_BUNDLE_IDENTIFIER = com.super.QRCOpenUrlUITests;
				PRODUCT_NAME = "$(TARGET_NAME)";
				SWIFT_VERSION = 3.0;
				TEST_TARGET_NAME = QRCOpenUrl;
			};
			name = Release;
		};
/* End XCBuildConfiguration section */

/* Begin XCConfigurationList section */
		BF1F89701F42CF6A005B6373 /* Build configuration list for PBXProject "QRCOpenUrl" */ = {
			isa = XCConfigurationList;
			buildConfigurations = (
				BF1F899B1F42CF6A005B6373 /* Debug */,
				BF1F899C1F42CF6A005B6373 /* Release */,
			);
			defaultConfigurationIsVisible = 0;
			defaultConfigurationName = Release;
		};
		BF1F899D1F42CF6A005B6373 /* Build configuration list for PBXNativeTarget "QRCOpenUrl" */ = {
			isa = XCConfigurationList;
			buildConfigurations = (
				BF1F899E1F42CF6A005B6373 /* Debug */,
				BF1F899F1F42CF6A005B6373 /* Release */,
			);
			defaultConfigurationIsVisible = 0;
		};
		BF1F89A01F42CF6A005B6373 /* Build configuration list for PBXNativeTarget "QRCOpenUrlTests" */ = {
			isa = XCConfigurationList;
			buildConfigurations = (
				BF1F89A11F42CF6A005B6373 /* Debug */,
				BF1F89A21F42CF6A005B6373 /* Release */,
			);
			defaultConfigurationIsVisible = 0;
		};
		BF1F89A31F42CF6A005B6373 /* Build configuration list for PBXNativeTarget "QRCOpenUrlUITests" */ = {
			isa = XCConfigurationList;
			buildConfigurations = (
				BF1F89A41F42CF6A005B6373 /* Debug */,
				BF1F89A51F42CF6A005B6373 /* Release */,
			);
			defaultConfigurationIsVisible = 0;
		};
/* End XCConfigurationList section */
	};
	rootObject = BF1F896D1F42CF6A005B6373 /* Project object */;
}
